
Microsoft Visual Studio Solution File, Format Version 12.00
# Visual Studio 15
VisualStudioVersion = 15.0.26730.15
MinimumVisualStudioVersion = 10.0.40219.1
Project("{FAE04EC0-301F-11D3-BF4B-00C04F79EFBC}") = "treegui", "treegui\treegui.csproj", "{EF3D810D-3793-4D62-809F-5112F40FF62E}"
EndProject
Global
	GlobalSection(SolutionConfigurationPlatforms) = preSolution
		Debug|Any CPU = Debug|Any CPU
		Release|Any CPU = Release|Any CPU
	EndGlobalSection
	GlobalSection(ProjectConfigurationPlatforms) = postSolution
		{EF3D810D-3793-4D62-809F-5112F40FF62E}.Debug|Any CPU.ActiveCfg = Debug|Any CPU
		{EF3D810D-3793-4D62-809F-5112F40FF62E}.Debug|Any CPU.Build.0 = Debug|Any CPU
		{EF3D810D-3793-4D62-809F-5112F40FF62E}.Release|Any CPU.ActiveCfg = Release|Any CPU
		{EF3D810D-3793-4D62-809F-5112F40FF62E}.Release|Any CPU.Build.0 = Release|Any CPU
	EndGlobalSection
	GlobalSection(SolutionProperties) = preSolution
		HideSolutionNode = FALSE
	EndGlobalSection
	GlobalSection(ExtensibilityGlobals) = postSolution
		SolutionGuid = {E69F9A56-1984-46F7-8257-EF79D100E7BF}
	EndGlobalSection
EndGlobal
